
Microsoft Visual Studio Solution File, Format Version 12.00
# Visual Studio Version 16
VisualStudioVersion = 16.0.34931.43
MinimumVisualStudioVersion = 10.0.40219.1
Project("{FAE04EC0-301F-11D3-BF4B-00C04F79EFBC}") = "WindowsFormsApp1", "WindowsFormsApp1.csproj", "{327A53AC-22A6-48DE-8899-02E476148E3D}"
EndProject
Global
	GlobalSection(SolutionConfigurationPlatforms) = preSolution
		Debug|Any CPU = Debug|Any CPU
		Release|Any CPU = Release|Any CPU
	EndGlobalSection
	GlobalSection(ProjectConfigurationPlatforms) = postSolution
		{327A53AC-22A6-48DE-8899-02E476148E3D}.Debug|Any CPU.ActiveCfg = Debug|Any CPU
		{327A53AC-22A6-48DE-8899-02E476148E3D}.Debug|Any CPU.Build.0 = Debug|Any CPU
		{327A53AC-22A6-48DE-8899-02E476148E3D}.Release|Any CPU.ActiveCfg = Release|Any CPU
		{327A53AC-22A6-48DE-8899-02E476148E3D}.Release|Any CPU.Build.0 = Release|Any CPU
	EndGlobalSection
	GlobalSection(SolutionProperties) = preSolution
		HideSolutionNode = FALSE
	EndGlobalSection
	GlobalSection(ExtensibilityGlobals) = postSolution
		SolutionGuid = {59213052-F6F8-4D27-A046-3C61C422C4A1}
	EndGlobalSection
EndGlobal
